
Microsoft Visual Studio Solution File, Format Version 12.00
# Visual Studio Version 16
VisualStudioVersion = 16.0.28721.148
MinimumVisualStudioVersion = 10.0.40219.1
Project("{2150E333-8FDC-42A3-9474-1A3956D46DE8}") = "Solution Items", "Solution Items", "{4A8A36F7-129E-4867-9134-EF4651CB8018}"
	ProjectSection(SolutionItems) = preProject
		..\.editorconfig = ..\.editorconfig
		..\appveyor.yml = ..\appveyor.yml
		..\build.cake = ..\build.cake
		Directory.build.props = Directory.build.props
		Directory.build.targets = Directory.build.targets
		Directory.packages.props = Directory.packages.props
		global.json = global.json
		GlobalAssemblyInfo.cs = GlobalAssemblyInfo.cs
		..\NuGet.Config = ..\NuGet.Config
		..\README.md = ..\README.md
	EndProjectSection
EndProject
Project("{9A19103F-16F7-4668-BE54-9A1E7A4F7556}") = "ControlzEx.Showcase", "ControlzEx.Showcase\ControlzEx.Showcase.csproj", "{1EFF5A0A-A303-4026-A154-CD851475A339}"
EndProject
Project("{9A19103F-16F7-4668-BE54-9A1E7A4F7556}") = "ControlzEx", "ControlzEx\ControlzEx.csproj", "{9BC8C5D7-D025-401F-89A7-27200667BBF2}"
EndProject
Project("{9A19103F-16F7-4668-BE54-9A1E7A4F7556}") = "ControlzEx.Tests", "ControlzEx.Tests\ControlzEx.Tests.csproj", "{50E34A48-9A3D-452D-B3B8-FF3C60DEAD75}"
EndProject
Global
	GlobalSection(SolutionConfigurationPlatforms) = preSolution
		Debug|Any CPU = Debug|Any CPU
		Release|Any CPU = Release|Any CPU
	EndGlobalSection
	GlobalSection(ProjectConfigurationPlatforms) = postSolution
		{1EFF5A0A-A303-4026-A154-CD851475A339}.Debug|Any CPU.ActiveCfg = Debug|Any CPU
		{1EFF5A0A-A303-4026-A154-CD851475A339}.Debug|Any CPU.Build.0 = Debug|Any CPU
		{1EFF5A0A-A303-4026-A154-CD851475A339}.Release|Any CPU.ActiveCfg = Release|Any CPU
		{1EFF5A0A-A303-4026-A154-CD851475A339}.Release|Any CPU.Build.0 = Release|Any CPU
		{9BC8C5D7-D025-401F-89A7-27200667BBF2}.Debug|Any CPU.ActiveCfg = Debug|Any CPU
		{9BC8C5D7-D025-401F-89A7-27200667BBF2}.Debug|Any CPU.Build.0 = Debug|Any CPU
		{9BC8C5D7-D025-401F-89A7-27200667BBF2}.Release|Any CPU.ActiveCfg = Release|Any CPU
		{9BC8C5D7-D025-401F-89A7-27200667BBF2}.Release|Any CPU.Build.0 = Release|Any CPU
		{50E34A48-9A3D-452D-B3B8-FF3C60DEAD75}.Debug|Any CPU.ActiveCfg = Debug|Any CPU
		{50E34A48-9A3D-452D-B3B8-FF3C60DEAD75}.Debug|Any CPU.Build.0 = Debug|Any CPU
		{50E34A48-9A3D-452D-B3B8-FF3C60DEAD75}.Release|Any CPU.ActiveCfg = Release|Any CPU
		{50E34A48-9A3D-452D-B3B8-FF3C60DEAD75}.Release|Any CPU.Build.0 = Release|Any CPU
	EndGlobalSection
	GlobalSection(SolutionProperties) = preSolution
		HideSolutionNode = FALSE
	EndGlobalSection
	GlobalSection(ExtensibilityGlobals) = postSolution
		SolutionGuid = {B6C7DC18-6FE7-4CCF-ABAC-5AA379EE1A52}
	EndGlobalSection
EndGlobal
